// !$*UTF8*$!
{
	archiveVersion = 1;
	classes = {
	};
	objectVersion = 46;
	objects = {

/* Begin PBXBuildFile section */
		1D009DAC1B23F4D6002D5DBA /* WorkoutSet.swift in Sources */ = {isa = PBXBuildFile; fileRef = 1D009DAB1B23F4D6002D5DBA /* WorkoutSet.swift */; };
		1D009DAE1B23F51D002D5DBA /* Exercise.swift in Sources */ = {isa = PBXBuildFile; fileRef = 1D009DAD1B23F51D002D5DBA /* Exercise.swift */; };
		1DA003EB1B23F2D4000B88BD /* AppDelegate.swift in Sources */ = {isa = PBXBuildFile; fileRef = 1DA003EA1B23F2D4000B88BD /* AppDelegate.swift */; };
		1DA003EE1B23F2D4000B88BD /* LoonyDash.xcdatamodeld in Sources */ = {isa = PBXBuildFile; fileRef = 1DA003EC1B23F2D4000B88BD /* LoonyDash.xcdatamodeld */; };
		1DA003F01B23F2D4000B88BD /* ViewController.swift in Sources */ = {isa = PBXBuildFile; fileRef = 1DA003EF1B23F2D4000B88BD /* ViewController.swift */; };
		1DA003F31B23F2D4000B88BD /* Main.storyboard in Resources */ = {isa = PBXBuildFile; fileRef = 1DA003F11B23F2D4000B88BD /* Main.storyboard */; };
		1DA003F51B23F2D4000B88BD /* Images.xcassets in Resources */ = {isa = PBXBuildFile; fileRef = 1DA003F41B23F2D4000B88BD /* Images.xcassets */; };
		1DA003F81B23F2D4000B88BD /* LaunchScreen.xib in Resources */ = {isa = PBXBuildFile; fileRef = 1DA003F61B23F2D4000B88BD /* LaunchScreen.xib */; };
		1DA004041B23F2D4000B88BD /* LoonyDashTests.swift in Sources */ = {isa = PBXBuildFile; fileRef = 1DA004031B23F2D4000B88BD /* LoonyDashTests.swift */; };
		1DA0040E1B23F308000B88BD /* SetViewController.swift in Sources */ = {isa = PBXBuildFile; fileRef = 1DA0040D1B23F308000B88BD /* SetViewController.swift */; };
/* End PBXBuildFile section */

/* Begin PBXContainerItemProxy section */
		1DA003FE1B23F2D4000B88BD /* PBXContainerItemProxy */ = {
			isa = PBXContainerItemProxy;
			containerPortal = 1DA003DD1B23F2D4000B88BD /* Project object */;
			proxyType = 1;
			remoteGlobalIDString = 1DA003E41B23F2D4000B88BD;
			remoteInfo = LoonyDash;
		};
/* End PBXContainerItemProxy section */

/* Begin PBXFileReference section */
		1D009DAB1B23F4D6002D5DBA /* WorkoutSet.swift */ = {isa = PBXFileReference; fileEncoding = 4; lastKnownFileType = sourcecode.swift; name = WorkoutSet.swift; path = Models/WorkoutSet.swift; sourceTree = "<group>"; };
		1D009DAD1B23F51D002D5DBA /* Exercise.swift */ = {isa = PBXFileReference; fileEncoding = 4; lastKnownFileType = sourcecode.swift; name = Exercise.swift; path = Models/Exercise.swift; sourceTree = "<group>"; };
		1DA003E51B23F2D4000B88BD /* LoonyDash.app */ = {isa = PBXFileReference; explicitFileType = wrapper.application; includeInIndex = 0; path = LoonyDash.app; sourceTree = BUILT_PRODUCTS_DIR; };
		1DA003E91B23F2D4000B88BD /* Info.plist */ = {isa = PBXFileReference; lastKnownFileType = text.plist.xml; path = Info.plist; sourceTree = "<group>"; };
		1DA003EA1B23F2D4000B88BD /* AppDelegate.swift */ = {isa = PBXFileReference; lastKnownFileType = sourcecode.swift; path = AppDelegate.swift; sourceTree = "<group>"; };
		1DA003ED1B23F2D4000B88BD /* LoonyDash.xcdatamodel */ = {isa = PBXFileReference; lastKnownFileType = wrapper.xcdatamodel; path = LoonyDash.xcdatamodel; sourceTree = "<group>"; };
		1DA003EF1B23F2D4000B88BD /* ViewController.swift */ = {isa = PBXFileReference; lastKnownFileType = sourcecode.swift; path = ViewController.swift; sourceTree = "<group>"; };
		1DA003F21B23F2D4000B88BD /* Base */ = {isa = PBXFileReference; lastKnownFileType = file.storyboard; name = Base; path = Base.lproj/Main.storyboard; sourceTree = "<group>"; };
		1DA003F41B23F2D4000B88BD /* Images.xcassets */ = {isa = PBXFileReference; lastKnownFileType = folder.assetcatalog; path = Images.xcassets; sourceTree = "<group>"; };
		1DA003F71B23F2D4000B88BD /* Base */ = {isa = PBXFileReference; lastKnownFileType = file.xib; name = Base; path = Base.lproj/LaunchScreen.xib; sourceTree = "<group>"; };
		1DA003FD1B23F2D4000B88BD /* LoonyDashTests.xctest */ = {isa = PBXFileReference; explicitFileType = wrapper.cfbundle; includeInIndex = 0; path = LoonyDashTests.xctest; sourceTree = BUILT_PRODUCTS_DIR; };
		1DA004021B23F2D4000B88BD /* Info.plist */ = {isa = PBXFileReference; lastKnownFileType = text.plist.xml; path = Info.plist; sourceTree = "<group>"; };
		1DA004031B23F2D4000B88BD /* LoonyDashTests.swift */ = {isa = PBXFileReference; lastKnownFileType = sourcecode.swift; path = LoonyDashTests.swift; sourceTree = "<group>"; };
		1DA0040D1B23F308000B88BD /* SetViewController.swift */ = {isa = PBXFileReference; fileEncoding = 4; lastKnownFileType = sourcecode.swift; name = SetViewController.swift; path = Controllers/SetViewController.swift; sourceTree = "<group>"; };
/* End PBXFileReference section */

/* Begin PBXFrameworksBuildPhase section */
		1DA003E21B23F2D4000B88BD /* Frameworks */ = {
			isa = PBXFrameworksBuildPhase;
			buildActionMask = 2147483647;
			files = (
			);
			runOnlyForDeploymentPostprocessing = 0;
		};
		1DA003FA1B23F2D4000B88BD /* Frameworks */ = {
			isa = PBXFrameworksBuildPhase;
			buildActionMask = 2147483647;
			files = (
			);
			runOnlyForDeploymentPostprocessing = 0;
		};
/* End PBXFrameworksBuildPhase section */

/* Begin PBXGroup section */
		1DA003DC1B23F2D4000B88BD = {
			isa = PBXGroup;
			children = (
				1DA003E71B23F2D4000B88BD /* LoonyDash */,
				1DA004001B23F2D4000B88BD /* LoonyDashTests */,
				1DA003E61B23F2D4000B88BD /* Products */,
			);
			sourceTree = "<group>";
		};
		1DA003E61B23F2D4000B88BD /* Products */ = {
			isa = PBXGroup;
			children = (
				1DA003E51B23F2D4000B88BD /* LoonyDash.app */,
				1DA003FD1B23F2D4000B88BD /* LoonyDashTests.xctest */,
			);
			name = Products;
			sourceTree = "<group>";
		};
		1DA003E71B23F2D4000B88BD /* LoonyDash */ = {
			isa = PBXGroup;
			children = (
				1DA003EA1B23F2D4000B88BD /* AppDelegate.swift */,
				1DA003EF1B23F2D4000B88BD /* ViewController.swift */,
				1DA0040D1B23F308000B88BD /* SetViewController.swift */,
				1D009DAB1B23F4D6002D5DBA /* WorkoutSet.swift */,
				1D009DAD1B23F51D002D5DBA /* Exercise.swift */,
				1DA003F11B23F2D4000B88BD /* Main.storyboard */,
				1DA003F41B23F2D4000B88BD /* Images.xcassets */,
				1DA003F61B23F2D4000B88BD /* LaunchScreen.xib */,
				1DA003EC1B23F2D4000B88BD /* LoonyDash.xcdatamodeld */,
				1DA003E81B23F2D4000B88BD /* Supporting Files */,
			);
			path = LoonyDash;
			sourceTree = "<group>";
		};
		1DA003E81B23F2D4000B88BD /* Supporting Files */ = {
			isa = PBXGroup;
			children = (
				1DA003E91B23F2D4000B88BD /* Info.plist */,
			);
			name = "Supporting Files";
			sourceTree = "<group>";
		};
		1DA004001B23F2D4000B88BD /* LoonyDashTests */ = {
			isa = PBXGroup;
			children = (
				1DA004031B23F2D4000B88BD /* LoonyDashTests.swift */,
				1DA004011B23F2D4000B88BD /* Supporting Files */,
			);
			path = LoonyDashTests;
			sourceTree = "<group>";
		};
		1DA004011B23F2D4000B88BD /* Supporting Files */ = {
			isa = PBXGroup;
			children = (
				1DA004021B23F2D4000B88BD /* Info.plist */,
			);
			name = "Supporting Files";
			sourceTree = "<group>";
		};
/* End PBXGroup section */

/* Begin PBXNativeTarget section */
		1DA003E41B23F2D4000B88BD /* LoonyDash */ = {
			isa = PBXNativeTarget;
			buildConfigurationList = 1DA004071B23F2D4000B88BD /* Build configuration list for PBXNativeTarget "LoonyDash" */;
			buildPhases = (
				1DA003E11B23F2D4000B88BD /* Sources */,
				1DA003E21B23F2D4000B88BD /* Frameworks */,
				1DA003E31B23F2D4000B88BD /* Resources */,
			);
			buildRules = (
			);
			dependencies = (
			);
			name = LoonyDash;
			productName = LoonyDash;
			productReference = 1DA003E51B23F2D4000B88BD /* LoonyDash.app */;
			productType = "com.apple.product-type.application";
		};
		1DA003FC1B23F2D4000B88BD /* LoonyDashTests */ = {
			isa = PBXNativeTarget;
			buildConfigurationList = 1DA0040A1B23F2D4000B88BD /* Build configuration list for PBXNativeTarget "LoonyDashTests" */;
			buildPhases = (
				1DA003F91B23F2D4000B88BD /* Sources */,
				1DA003FA1B23F2D4000B88BD /* Frameworks */,
				1DA003FB1B23F2D4000B88BD /* Resources */,
			);
			buildRules = (
			);
			dependencies = (
				1DA003FF1B23F2D4000B88BD /* PBXTargetDependency */,
			);
			name = LoonyDashTests;
			productName = LoonyDashTests;
			productReference = 1DA003FD1B23F2D4000B88BD /* LoonyDashTests.xctest */;
			productType = "com.apple.product-type.bundle.unit-test";
		};
/* End PBXNativeTarget section */

/* Begin PBXProject section */
		1DA003DD1B23F2D4000B88BD /* Project object */ = {
			isa = PBXProject;
			attributes = {
				LastUpgradeCheck = 0630;
				ORGANIZATIONNAME = LooneyDash;
				TargetAttributes = {
					1DA003E41B23F2D4000B88BD = {
						CreatedOnToolsVersion = 6.3.2;
					};
					1DA003FC1B23F2D4000B88BD = {
						CreatedOnToolsVersion = 6.3.2;
						TestTargetID = 1DA003E41B23F2D4000B88BD;
					};
				};
			};
			buildConfigurationList = 1DA003E01B23F2D4000B88BD /* Build configuration list for PBXProject "LoonyDash" */;
			compatibilityVersion = "Xcode 3.2";
			developmentRegion = English;
			hasScannedForEncodings = 0;
			knownRegions = (
				en,
				Base,
			);
			mainGroup = 1DA003DC1B23F2D4000B88BD;
			productRefGroup = 1DA003E61B23F2D4000B88BD /* Products */;
			projectDirPath = "";
			projectRoot = "";
			targets = (
				1DA003E41B23F2D4000B88BD /* LoonyDash */,
				1DA003FC1B23F2D4000B88BD /* LoonyDashTests */,
			);
		};
/* End PBXProject section */

/* Begin PBXResourcesBuildPhase section */
		1DA003E31B23F2D4000B88BD /* Resources */ = {
			isa = PBXResourcesBuildPhase;
			buildActionMask = 2147483647;
			files = (
				1DA003F31B23F2D4000B88BD /* Main.storyboard in Resources */,
				1DA003F81B23F2D4000B88BD /* LaunchScreen.xib in Resources */,
				1DA003F51B23F2D4000B88BD /* Images.xcassets in Resources */,
			);
			runOnlyForDeploymentPostprocessing = 0;
		};
		1DA003FB1B23F2D4000B88BD /* Resources */ = {
			isa = PBXResourcesBuildPhase;
			buildActionMask = 2147483647;
			files = (
			);
			runOnlyForDeploymentPostprocessing = 0;
		};
/* End PBXResourcesBuildPhase section */

/* Begin PBXSourcesBuildPhase section */
		1DA003E11B23F2D4000B88BD /* Sources */ = {
			isa = PBXSourcesBuildPhase;
			buildActionMask = 2147483647;
			files = (
				1D009DAC1B23F4D6002D5DBA /* WorkoutSet.swift in Sources */,
				1DA003F01B23F2D4000B88BD /* ViewController.swift in Sources */,
				1DA0040E1B23F308000B88BD /* SetViewController.swift in Sources */,
				1DA003EB1B23F2D4000B88BD /* AppDelegate.swift in Sources */,
				1DA003EE1B23F2D4000B88BD /* LoonyDash.xcdatamodeld in Sources */,
				1D009DAE1B23F51D002D5DBA /* Exercise.swift in Sources */,
			);
			runOnlyForDeploymentPostprocessing = 0;
		};
		1DA003F91B23F2D4000B88BD /* Sources */ = {
			isa = PBXSourcesBuildPhase;
			buildActionMask = 2147483647;
			files = (
				1DA004041B23F2D4000B88BD /* LoonyDashTests.swift in Sources */,
			);
			runOnlyForDeploymentPostprocessing = 0;
		};
/* End PBXSourcesBuildPhase section */

/* Begin PBXTargetDependency section */
		1DA003FF1B23F2D4000B88BD /* PBXTargetDependency */ = {
			isa = PBXTargetDependency;
			target = 1DA003E41B23F2D4000B88BD /* LoonyDash */;
			targetProxy = 1DA003FE1B23F2D4000B88BD /* PBXContainerItemProxy */;
		};
/* End PBXTargetDependency section */

/* Begin PBXVariantGroup section */
		1DA003F11B23F2D4000B88BD /* Main.storyboard */ = {
			isa = PBXVariantGroup;
			children = (
				1DA003F21B23F2D4000B88BD /* Base */,
			);
			name = Main.storyboard;
			sourceTree = "<group>";
		};
		1DA003F61B23F2D4000B88BD /* LaunchScreen.xib */ = {
			isa = PBXVariantGroup;
			children = (
				1DA003F71B23F2D4000B88BD /* Base */,
			);
			name = LaunchScreen.xib;
			sourceTree = "<group>";
		};
/* End PBXVariantGroup section */

/* Begin XCBuildConfiguration section */
		1DA004051B23F2D4000B88BD /* Debug */ = {
			isa = XCBuildConfiguration;
			buildSettings = {
				ALWAYS_SEARCH_USER_PATHS = NO;
				CLANG_CXX_LANGUAGE_STANDARD = "gnu++0x";
				CLANG_CXX_LIBRARY = "libc++";
				CLANG_ENABLE_MODULES = YES;
				CLANG_ENABLE_OBJC_ARC = YES;
				CLANG_WARN_BOOL_CONVERSION = YES;
				CLANG_WARN_CONSTANT_CONVERSION = YES;
				CLANG_WARN_DIRECT_OBJC_ISA_USAGE = YES_ERROR;
				CLANG_WARN_EMPTY_BODY = YES;
				CLANG_WARN_ENUM_CONVERSION = YES;
				CLANG_WARN_INT_CONVERSION = YES;
				CLANG_WARN_OBJC_ROOT_CLASS = YES_ERROR;
				CLANG_WARN_UNREACHABLE_CODE = YES;
				CLANG_WARN__DUPLICATE_METHOD_MATCH = YES;
				"CODE_SIGN_IDENTITY[sdk=iphoneos*]" = "iPhone Developer";
				COPY_PHASE_STRIP = NO;
				DEBUG_INFORMATION_FORMAT = "dwarf-with-dsym";
				ENABLE_STRICT_OBJC_MSGSEND = YES;
				GCC_C_LANGUAGE_STANDARD = gnu99;
				GCC_DYNAMIC_NO_PIC = NO;
				GCC_NO_COMMON_BLOCKS = YES;
				GCC_OPTIMIZATION_LEVEL = 0;
				GCC_PREPROCESSOR_DEFINITIONS = (
					"DEBUG=1",
					"$(inherited)",
				);
				GCC_SYMBOLS_PRIVATE_EXTERN = NO;
				GCC_WARN_64_TO_32_BIT_CONVERSION = YES;
				GCC_WARN_ABOUT_RETURN_TYPE = YES_ERROR;
				GCC_WARN_UNDECLARED_SELECTOR = YES;
				GCC_WARN_UNINITIALIZED_AUTOS = YES_AGGRESSIVE;
				GCC_WARN_UNUSED_FUNCTION = YES;
				GCC_WARN_UNUSED_VARIABLE = YES;
				IPHONEOS_DEPLOYMENT_TARGET = 8.3;
				MTL_ENABLE_DEBUG_INFO = YES;
				ONLY_ACTIVE_ARCH = YES;
				SDKROOT = iphoneos;
				SWIFT_OPTIMIZATION_LEVEL = "-Onone";
				TARGETED_DEVICE_FAMILY = "1,2";
			};
			name = Debug;
		};
		1DA004061B23F2D4000B88BD /* Release */ = {
			isa = XCBuildConfiguration;
			buildSettings = {
				ALWAYS_SEARCH_USER_PATHS = NO;
				CLANG_CXX_LANGUAGE_STANDARD = "gnu++0x";
				CLANG_CXX_LIBRARY = "libc++";
				CLANG_ENABLE_MODULES = YES;
				CLANG_ENABLE_OBJC_ARC = YES;
				CLANG_WARN_BOOL_CONVERSION = YES;
				CLANG_WARN_CONSTANT_CONVERSION = YES;
				CLANG_WARN_DIRECT_OBJC_ISA_USAGE = YES_ERROR;
				CLANG_WARN_EMPTY_BODY = YES;
				CLANG_WARN_ENUM_CONVERSION = YES;
				CLANG_WARN_INT_CONVERSION = YES;
				CLANG_WARN_OBJC_ROOT_CLASS = YES_ERROR;
				CLANG_WARN_UNREACHABLE_CODE = YES;
				CLANG_WARN__DUPLICATE_METHOD_MATCH = YES;
				"CODE_SIGN_IDENTITY[sdk=iphoneos*]" = "iPhone Developer";
				COPY_PHASE_STRIP = NO;
				DEBUG_INFORMATION_FORMAT = "dwarf-with-dsym";
				ENABLE_NS_ASSERTIONS = NO;
				ENABLE_STRICT_OBJC_MSGSEND = YES;
				GCC_C_LANGUAGE_STANDARD = gnu99;
				GCC_NO_COMMON_BLOCKS = YES;
				GCC_WARN_64_TO_32_BIT_CONVERSION = YES;
				GCC_WARN_ABOUT_RETURN_TYPE = YES_ERROR;
				GCC_WARN_UNDECLARED_SELECTOR = YES;
				GCC_WARN_UNINITIALIZED_AUTOS = YES_AGGRESSIVE;
				GCC_WARN_UNUSED_FUNCTION = YES;
				GCC_WARN_UNUSED_VARIABLE = YES;
				IPHONEOS_DEPLOYMENT_TARGET = 8.3;
				MTL_ENABLE_DEBUG_INFO = NO;
				SDKROOT = iphoneos;
				TARGETED_DEVICE_FAMILY = "1,2";
				VALIDATE_PRODUCT = YES;
			};
			name = Release;
		};
		1DA004081B23F2D4000B88BD /* Debug */ = {
			isa = XCBuildConfiguration;
			buildSettings = {
				ASSETCATALOG_COMPILER_APPICON_NAME = AppIcon;
				INFOPLIST_FILE = LoonyDash/Info.plist;
				LD_RUNPATH_SEARCH_PATHS = "$(inherited) @executable_path/Frameworks";
				PRODUCT_NAME = "$(TARGET_NAME)";
			};
			name = Debug;
		};
		1DA004091B23F2D4000B88BD /* Release */ = {
			isa = XCBuildConfiguration;
			buildSettings = {
				ASSETCATALOG_COMPILER_APPICON_NAME = AppIcon;
				INFOPLIST_FILE = LoonyDash/Info.plist;
				LD_RUNPATH_SEARCH_PATHS = "$(inherited) @executable_path/Frameworks";
				PRODUCT_NAME = "$(TARGET_NAME)";
			};
			name = Release;
		};
		1DA0040B1B23F2D4000B88BD /* Debug */ = {
			isa = XCBuildConfiguration;
			buildSettings = {
				BUNDLE_LOADER = "$(TEST_HOST)";
				FRAMEWORK_SEARCH_PATHS = (
					"$(SDKROOT)/Developer/Library/Frameworks",
					"$(inherited)",
				);
				GCC_PREPROCESSOR_DEFINITIONS = (
					"DEBUG=1",
					"$(inherited)",
				);
				INFOPLIST_FILE = LoonyDashTests/Info.plist;
				LD_RUNPATH_SEARCH_PATHS = "$(inherited) @executable_path/Frameworks @loader_path/Frameworks";
				PRODUCT_NAME = "$(TARGET_NAME)";
				TEST_HOST = "$(BUILT_PRODUCTS_DIR)/LoonyDash.app/LoonyDash";
			};
			name = Debug;
		};
		1DA0040C1B23F2D4000B88BD /* Release */ = {
			isa = XCBuildConfiguration;
			buildSettings = {
				BUNDLE_LOADER = "$(TEST_HOST)";
				FRAMEWORK_SEARCH_PATHS = (
					"$(SDKROOT)/Developer/Library/Frameworks",
					"$(inherited)",
				);
				INFOPLIST_FILE = LoonyDashTests/Info.plist;
				LD_RUNPATH_SEARCH_PATHS = "$(inherited) @executable_path/Frameworks @loader_path/Frameworks";
				PRODUCT_NAME = "$(TARGET_NAME)";
				TEST_HOST = "$(BUILT_PRODUCTS_DIR)/LoonyDash.app/LoonyDash";
			};
			name = Release;
		};
/* End XCBuildConfiguration section */

/* Begin XCConfigurationList section */
		1DA003E01B23F2D4000B88BD /* Build configuration list for PBXProject "LoonyDash" */ = {
			isa = XCConfigurationList;
			buildConfigurations = (
				1DA004051B23F2D4000B88BD /* Debug */,
				1DA004061B23F2D4000B88BD /* Release */,
			);
			defaultConfigurationIsVisible = 0;
			defaultConfigurationName = Release;
		};
		1DA004071B23F2D4000B88BD /* Build configuration list for PBXNativeTarget "LoonyDash" */ = {
			isa = XCConfigurationList;
			buildConfigurations = (
				1DA004081B23F2D4000B88BD /* Debug */,
				1DA004091B23F2D4000B88BD /* Release */,
			);
			defaultConfigurationIsVisible = 0;
			defaultConfigurationName = Release;
		};
		1DA0040A1B23F2D4000B88BD /* Build configuration list for PBXNativeTarget "LoonyDashTests" */ = {
			isa = XCConfigurationList;
			buildConfigurations = (
				1DA0040B1B23F2D4000B88BD /* Debug */,
				1DA0040C1B23F2D4000B88BD /* Release */,
			);
			defaultConfigurationIsVisible = 0;
			defaultConfigurationName = Release;
		};
/* End XCConfigurationList section */

/* Begin XCVersionGroup section */
		1DA003EC1B23F2D4000B88BD /* LoonyDash.xcdatamodeld */ = {
			isa = XCVersionGroup;
			children = (
				1DA003ED1B23F2D4000B88BD /* LoonyDash.xcdatamodel */,
			);
			currentVersion = 1DA003ED1B23F2D4000B88BD /* LoonyDash.xcdatamodel */;
			path = LoonyDash.xcdatamodeld;
			sourceTree = "<group>";
			versionGroupType = wrapper.xcdatamodel;
		};
/* End XCVersionGroup section */
	};
	rootObject = 1DA003DD1B23F2D4000B88BD /* Project object */;
}
